
Microsoft Visual Studio Solution File, Format Version 12.00
# Visual Studio Version 17
VisualStudioVersion = 17.11.35327.3
MinimumVisualStudioVersion = 10.0.40219.1
Project("{FAE04EC0-301F-11D3-BF4B-00C04F79EFBC}") = "sistema_vendas_TP1", "sistema_vendas_TP1\sistema_vendas_TP1.csproj", "{984A0CD8-FAC9-46EA-815E-D7E1D27B5908}"
EndProject
Global
	GlobalSection(SolutionConfigurationPlatforms) = preSolution
		Debug|Any CPU = Debug|Any CPU
		Release|Any CPU = Release|Any CPU
	EndGlobalSection
	GlobalSection(ProjectConfigurationPlatforms) = postSolution
		{984A0CD8-FAC9-46EA-815E-D7E1D27B5908}.Debug|Any CPU.ActiveCfg = Debug|Any CPU
		{984A0CD8-FAC9-46EA-815E-D7E1D27B5908}.Debug|Any CPU.Build.0 = Debug|Any CPU
		{984A0CD8-FAC9-46EA-815E-D7E1D27B5908}.Release|Any CPU.ActiveCfg = Release|Any CPU
		{984A0CD8-FAC9-46EA-815E-D7E1D27B5908}.Release|Any CPU.Build.0 = Release|Any CPU
	EndGlobalSection
	GlobalSection(SolutionProperties) = preSolution
		HideSolutionNode = FALSE
	EndGlobalSection
	GlobalSection(ExtensibilityGlobals) = postSolution
		SolutionGuid = {4F4AD1AC-9E8D-48D1-A38C-267DA970CD18}
	EndGlobalSection
EndGlobal
